
Microsoft Visual Studio Solution File, Format Version 12.00
# Visual Studio Version 16
VisualStudioVersion = 16.0.31613.86
MinimumVisualStudioVersion = 10.0.40219.1
Project("{FAE04EC0-301F-11D3-BF4B-00C04F79EFBC}") = "CrudProverTech", "CrudProverTech\CrudProverTech.csproj", "{91398316-DBEF-499E-B2A8-566C9BE6997D}"
EndProject
Global
	GlobalSection(SolutionConfigurationPlatforms) = preSolution
		Debug|Any CPU = Debug|Any CPU
		Release|Any CPU = Release|Any CPU
	EndGlobalSection
	GlobalSection(ProjectConfigurationPlatforms) = postSolution
		{91398316-DBEF-499E-B2A8-566C9BE6997D}.Debug|Any CPU.ActiveCfg = Debug|Any CPU
		{91398316-DBEF-499E-B2A8-566C9BE6997D}.Debug|Any CPU.Build.0 = Debug|Any CPU
		{91398316-DBEF-499E-B2A8-566C9BE6997D}.Release|Any CPU.ActiveCfg = Release|Any CPU
		{91398316-DBEF-499E-B2A8-566C9BE6997D}.Release|Any CPU.Build.0 = Release|Any CPU
	EndGlobalSection
	GlobalSection(SolutionProperties) = preSolution
		HideSolutionNode = FALSE
	EndGlobalSection
	GlobalSection(ExtensibilityGlobals) = postSolution
		SolutionGuid = {E3C043C1-4597-4285-8CAE-13D791109BE4}
	EndGlobalSection
EndGlobal
